<?xml version="1.0" encoding="utf-8"?>
<Project ToolsVersion="4.0" xmlns="http://schemas.microsoft.com/developer/msbuild/2003">
  <ItemGroup>
    <Filter Include="Source Files">
      <UniqueIdentifier>{4FC737F1-C7A5-4376-A066-2A32D752A2FF}</UniqueIdentifier>
      <Extensions>cpp;c;cc;cxx;def;odl;idl;hpj;bat;asm;asmx</Extensions>
    </Filter>
    <Filter Include="Header Files">
      <UniqueIdentifier>{93995380-89BD-4b04-88EB-625FBE52EBFB}</UniqueIdentifier>
      <Extensions>h;hpp;hxx;hm;inl;inc;xsd</Extensions>
    </Filter>
    <Filter Include="Resource Files">
      <UniqueIdentifier>{67DA6AB6-F800-4c08-8B7A-83BB121AAD01}</UniqueIdentifier>
      <Extensions>rc;ico;cur;bmp;dlg;rc2;rct;bin;rgs;gif;jpg;jpeg;jpe;resx;tiff;tif;png;wav</Extensions>
    </Filter>
  </ItemGroup>
  <ItemGroup>
    <ClCompile Include="adb.cpp">
      <Filter>Source Files</Filter>
    </ClCompile>
    <ClCompile Include="adb_client.cpp">
      <Filter>Source Files</Filter>
    </ClCompile>
    <ClCompile Include="centraldir.cpp">
      <Filter>Source Files</Filter>
    </ClCompile>
    <ClCompile Include="commandline.cpp">
      <Filter>Source Files</Filter>
    </ClCompile>
    <ClCompile Include="console.cpp">
      <Filter>Source Files</Filter>
    </ClCompile>
    <ClCompile Include="file_sync_client.cpp">
      <Filter>Source Files</Filter>
    </ClCompile>
    <ClCompile Include="get_my_path_windows.cpp">
      <Filter>Source Files</Filter>
    </ClCompile>
    <ClCompile Include="services.cpp">
      <Filter>Source Files</Filter>
    </ClCompile>
    <ClCompile Include="sockets.cpp">
      <Filter>Source Files</Filter>
    </ClCompile>
    <ClCompile Include="sysdeps_win32.cpp">
      <Filter>Source Files</Filter>
    </ClCompile>
    <ClCompile Include="transport.cpp">
      <Filter>Source Files</Filter>
    </ClCompile>
    <ClCompile Include="transport_local.cpp">
      <Filter>Source Files</Filter>
    </ClCompile>
    <ClCompile Include="transport_usb.cpp">
      <Filter>Source Files</Filter>
    </ClCompile>
    <ClCompile Include="usb_vendors.cpp">
      <Filter>Source Files</Filter>
    </ClCompile>
    <ClCompile Include="usb_windows.cpp">
      <Filter>Source Files</Filter>
    </ClCompile>
    <ClCompile Include="utils.cpp">
      <Filter>Source Files</Filter>
    </ClCompile>
    <ClCompile Include="zipfile.cpp">
      <Filter>Source Files</Filter>
    </ClCompile>
  </ItemGroup>
  <ItemGroup>
    <ClInclude Include="adb.h">
      <Filter>Header Files</Filter>
    </ClInclude>
    <ClInclude Include="adb_api.h">
      <Filter>Header Files</Filter>
    </ClInclude>
    <ClInclude Include="adb_client.h">
      <Filter>Header Files</Filter>
    </ClInclude>
    <ClInclude Include="fdevent.h">
      <Filter>Header Files</Filter>
    </ClInclude>
    <ClInclude Include="file_sync_service.h">
      <Filter>Header Files</Filter>
    </ClInclude>
    <ClInclude Include="mutex_list.h">
      <Filter>Header Files</Filter>
    </ClInclude>
    <ClInclude Include="private.h">
      <Filter>Header Files</Filter>
    </ClInclude>
    <ClInclude Include="sockets.h">
      <Filter>Header Files</Filter>
    </ClInclude>
    <ClInclude Include="sysdeps.h">
      <Filter>Header Files</Filter>
    </ClInclude>
    <ClInclude Include="unistd.h">
      <Filter>Header Files</Filter>
    </ClInclude>
    <ClInclude Include="usb_vendors.h">
      <Filter>Header Files</Filter>
    </ClInclude>
    <ClInclude Include="utils.h">
      <Filter>Header Files</Filter>
    </ClInclude>
    <ClInclude Include="zconf.h">
      <Filter>Header Files</Filter>
    </ClInclude>
    <ClInclude Include="zipfile.h">
      <Filter>Header Files</Filter>
    </ClInclude>
    <ClInclude Include="zlib.h">
      <Filter>Header Files</Filter>
    </ClInclude>
  </ItemGroup>
  <ItemGroup>
    <Library Include="zlib.lib" />
  </ItemGroup>
</Project>